
Microsoft Visual Studio Solution File, Format Version 12.00
# Visual Studio Version 16
VisualStudioVersion = 16.0.31729.503
MinimumVisualStudioVersion = 10.0.40219.1
Project("{FAE04EC0-301F-11D3-BF4B-00C04F79EFBC}") = "IceCreamShopClient", "IceCreamShopClient\IceCreamShopClient.csproj", "{86000102-5596-495C-AF54-6CB824E8359C}"
EndProject
Global
	GlobalSection(SolutionConfigurationPlatforms) = preSolution
		Debug|Any CPU = Debug|Any CPU
		Release|Any CPU = Release|Any CPU
	EndGlobalSection
	GlobalSection(ProjectConfigurationPlatforms) = postSolution
		{86000102-5596-495C-AF54-6CB824E8359C}.Debug|Any CPU.ActiveCfg = Debug|Any CPU
		{86000102-5596-495C-AF54-6CB824E8359C}.Debug|Any CPU.Build.0 = Debug|Any CPU
		{86000102-5596-495C-AF54-6CB824E8359C}.Release|Any CPU.ActiveCfg = Release|Any CPU
		{86000102-5596-495C-AF54-6CB824E8359C}.Release|Any CPU.Build.0 = Release|Any CPU
	EndGlobalSection
	GlobalSection(SolutionProperties) = preSolution
		HideSolutionNode = FALSE
	EndGlobalSection
	GlobalSection(ExtensibilityGlobals) = postSolution
		SolutionGuid = {536B0597-148F-4977-AE3D-08C30909690C}
	EndGlobalSection
EndGlobal
